
Microsoft Visual Studio Solution File, Format Version 12.00
# Visual Studio 15
VisualStudioVersion = 15.0.28307.136
MinimumVisualStudioVersion = 10.0.40219.1
Project("{FAE04EC0-301F-11D3-BF4B-00C04F79EFBC}") = "RefactoringExamples", "RefactoringExamples\RefactoringExamples.csproj", "{92B5DE4A-F9FC-4045-AC6F-8860866040BB}"
EndProject
Project("{FAE04EC0-301F-11D3-BF4B-00C04F79EFBC}") = "Chapter01", "Chapter01\Chapter01.csproj", "{7FDD555D-FFD0-4528-AAC2-7DD1EED59940}"
EndProject
Global
	GlobalSection(SolutionConfigurationPlatforms) = preSolution
		Debug|Any CPU = Debug|Any CPU
		Release|Any CPU = Release|Any CPU
	EndGlobalSection
	GlobalSection(ProjectConfigurationPlatforms) = postSolution
		{92B5DE4A-F9FC-4045-AC6F-8860866040BB}.Debug|Any CPU.ActiveCfg = Debug|Any CPU
		{92B5DE4A-F9FC-4045-AC6F-8860866040BB}.Debug|Any CPU.Build.0 = Debug|Any CPU
		{92B5DE4A-F9FC-4045-AC6F-8860866040BB}.Release|Any CPU.ActiveCfg = Release|Any CPU
		{92B5DE4A-F9FC-4045-AC6F-8860866040BB}.Release|Any CPU.Build.0 = Release|Any CPU
		{7FDD555D-FFD0-4528-AAC2-7DD1EED59940}.Debug|Any CPU.ActiveCfg = Debug|Any CPU
		{7FDD555D-FFD0-4528-AAC2-7DD1EED59940}.Debug|Any CPU.Build.0 = Debug|Any CPU
		{7FDD555D-FFD0-4528-AAC2-7DD1EED59940}.Release|Any CPU.ActiveCfg = Release|Any CPU
		{7FDD555D-FFD0-4528-AAC2-7DD1EED59940}.Release|Any CPU.Build.0 = Release|Any CPU
	EndGlobalSection
	GlobalSection(SolutionProperties) = preSolution
		HideSolutionNode = FALSE
	EndGlobalSection
	GlobalSection(ExtensibilityGlobals) = postSolution
		SolutionGuid = {8460F3BE-5C0F-4D73-9C2D-A1E3E75CB4CE}
	EndGlobalSection
EndGlobal
